
Microsoft Visual Studio Solution File, Format Version 12.00
# Visual Studio Version 16
VisualStudioVersion = 16.0.30503.244
MinimumVisualStudioVersion = 10.0.40219.1
Project("{FAE04EC0-301F-11D3-BF4B-00C04F79EFBC}") = "SoftlineTestTask", "SoftlineTestTask\SoftlineTestTask.csproj", "{BB9A9C00-8DAE-4209-81B5-1E2E6AF5F05E}"
EndProject
Project("{FAE04EC0-301F-11D3-BF4B-00C04F79EFBC}") = "SoftlineTestTask.DataAccess", "SoftlineTestTask.DataAccess\SoftlineTestTask.DataAccess.csproj", "{2F242FF8-402B-401D-9F04-68696424739A}"
EndProject
Project("{FAE04EC0-301F-11D3-BF4B-00C04F79EFBC}") = "SoftlineTestTask.Domain", "SoftlineTestTask.Domain\SoftlineTestTask.Domain.csproj", "{C48B82E8-60BF-4780-90F9-E607E4D64F7C}"
EndProject
Global
	GlobalSection(SolutionConfigurationPlatforms) = preSolution
		Debug|Any CPU = Debug|Any CPU
		Release|Any CPU = Release|Any CPU
	EndGlobalSection
	GlobalSection(ProjectConfigurationPlatforms) = postSolution
		{BB9A9C00-8DAE-4209-81B5-1E2E6AF5F05E}.Debug|Any CPU.ActiveCfg = Debug|Any CPU
		{BB9A9C00-8DAE-4209-81B5-1E2E6AF5F05E}.Debug|Any CPU.Build.0 = Debug|Any CPU
		{BB9A9C00-8DAE-4209-81B5-1E2E6AF5F05E}.Release|Any CPU.ActiveCfg = Release|Any CPU
		{BB9A9C00-8DAE-4209-81B5-1E2E6AF5F05E}.Release|Any CPU.Build.0 = Release|Any CPU
		{2F242FF8-402B-401D-9F04-68696424739A}.Debug|Any CPU.ActiveCfg = Debug|Any CPU
		{2F242FF8-402B-401D-9F04-68696424739A}.Debug|Any CPU.Build.0 = Debug|Any CPU
		{2F242FF8-402B-401D-9F04-68696424739A}.Release|Any CPU.ActiveCfg = Release|Any CPU
		{2F242FF8-402B-401D-9F04-68696424739A}.Release|Any CPU.Build.0 = Release|Any CPU
		{C48B82E8-60BF-4780-90F9-E607E4D64F7C}.Debug|Any CPU.ActiveCfg = Debug|Any CPU
		{C48B82E8-60BF-4780-90F9-E607E4D64F7C}.Debug|Any CPU.Build.0 = Debug|Any CPU
		{C48B82E8-60BF-4780-90F9-E607E4D64F7C}.Release|Any CPU.ActiveCfg = Release|Any CPU
		{C48B82E8-60BF-4780-90F9-E607E4D64F7C}.Release|Any CPU.Build.0 = Release|Any CPU
	EndGlobalSection
	GlobalSection(SolutionProperties) = preSolution
		HideSolutionNode = FALSE
	EndGlobalSection
	GlobalSection(ExtensibilityGlobals) = postSolution
		SolutionGuid = {44EAECAF-84AA-40D9-881D-573DC7BBCEA6}
	EndGlobalSection
EndGlobal
